#MicroXplorer Configuration settings - do not modify
Dma.Request0=USART6_RX
Dma.Request1=USART6_TX
Dma.Request2=USART3_TX
Dma.Request3=USART3_RX
Dma.Request4=USART2_RX
Dma.Request5=USART2_TX
Dma.Request6=UART4_RX
Dma.Request7=UART4_TX
Dma.RequestsNb=8
Dma.UART4_RX.6.Direction=DMA_PERIPH_TO_MEMORY
Dma.UART4_RX.6.FIFOMode=DMA_FIFOMODE_DISABLE
Dma.UART4_RX.6.Instance=DMA1_Stream2
Dma.UART4_RX.6.MemDataAlignment=DMA_MDATAALIGN_BYTE
Dma.UART4_RX.6.MemInc=DMA_MINC_ENABLE
Dma.UART4_RX.6.Mode=DMA_NORMAL
Dma.UART4_RX.6.PeriphDataAlignment=DMA_PDATAALIGN_BYTE
Dma.UART4_RX.6.PeriphInc=DMA_PINC_DISABLE
Dma.UART4_RX.6.Priority=DMA_PRIORITY_LOW
Dma.UART4_RX.6.RequestParameters=Instance,Direction,PeriphInc,MemInc,PeriphDataAlignment,MemDataAlignment,Mode,Priority,FIFOMode
Dma.UART4_TX.7.Direction=DMA_MEMORY_TO_PERIPH
Dma.UART4_TX.7.FIFOMode=DMA_FIFOMODE_DISABLE
Dma.UART4_TX.7.Instance=DMA1_Stream4
Dma.UART4_TX.7.MemDataAlignment=DMA_MDATAALIGN_BYTE
Dma.UART4_TX.7.MemInc=DMA_MINC_ENABLE
Dma.UART4_TX.7.Mode=DMA_NORMAL
Dma.UART4_TX.7.PeriphDataAlignment=DMA_PDATAALIGN_BYTE
Dma.UART4_TX.7.PeriphInc=DMA_PINC_DISABLE
Dma.UART4_TX.7.Priority=DMA_PRIORITY_LOW
Dma.UART4_TX.7.RequestParameters=Instance,Direction,PeriphInc,MemInc,PeriphDataAlignment,MemDataAlignment,Mode,Priority,FIFOMode
Dma.USART2_RX.4.Direction=DMA_PERIPH_TO_MEMORY
Dma.USART2_RX.4.FIFOMode=DMA_FIFOMODE_DISABLE
Dma.USART2_RX.4.Instance=DMA1_Stream5
Dma.USART2_RX.4.MemDataAlignment=DMA_MDATAALIGN_BYTE
Dma.USART2_RX.4.MemInc=DMA_MINC_ENABLE
Dma.USART2_RX.4.Mode=DMA_NORMAL
Dma.USART2_RX.4.PeriphDataAlignment=DMA_PDATAALIGN_BYTE
Dma.USART2_RX.4.PeriphInc=DMA_PINC_DISABLE
Dma.USART2_RX.4.Priority=DMA_PRIORITY_MEDIUM
Dma.USART2_RX.4.RequestParameters=Instance,Direction,PeriphInc,MemInc,PeriphDataAlignment,MemDataAlignment,Mode,Priority,FIFOMode
Dma.USART2_TX.5.Direction=DMA_MEMORY_TO_PERIPH
Dma.USART2_TX.5.FIFOMode=DMA_FIFOMODE_DISABLE
Dma.USART2_TX.5.Instance=DMA1_Stream6
Dma.USART2_TX.5.MemDataAlignment=DMA_MDATAALIGN_BYTE
Dma.USART2_TX.5.MemInc=DMA_MINC_ENABLE
Dma.USART2_TX.5.Mode=DMA_NORMAL
Dma.USART2_TX.5.PeriphDataAlignment=DMA_PDATAALIGN_BYTE
Dma.USART2_TX.5.PeriphInc=DMA_PINC_DISABLE
Dma.USART2_TX.5.Priority=DMA_PRIORITY_MEDIUM
Dma.USART2_TX.5.RequestParameters=Instance,Direction,PeriphInc,MemInc,PeriphDataAlignment,MemDataAlignment,Mode,Priority,FIFOMode
Dma.USART3_RX.3.Direction=DMA_PERIPH_TO_MEMORY
Dma.USART3_RX.3.FIFOMode=DMA_FIFOMODE_DISABLE
Dma.USART3_RX.3.Instance=DMA1_Stream1
Dma.USART3_RX.3.MemDataAlignment=DMA_MDATAALIGN_BYTE
Dma.USART3_RX.3.MemInc=DMA_MINC_ENABLE
Dma.USART3_RX.3.Mode=DMA_NORMAL
Dma.USART3_RX.3.PeriphDataAlignment=DMA_PDATAALIGN_BYTE
Dma.USART3_RX.3.PeriphInc=DMA_PINC_DISABLE
Dma.USART3_RX.3.Priority=DMA_PRIORITY_LOW
Dma.USART3_RX.3.RequestParameters=Instance,Direction,PeriphInc,MemInc,PeriphDataAlignment,MemDataAlignment,Mode,Priority,FIFOMode
Dma.USART3_TX.2.Direction=DMA_MEMORY_TO_PERIPH
Dma.USART3_TX.2.FIFOMode=DMA_FIFOMODE_DISABLE
Dma.USART3_TX.2.Instance=DMA1_Stream3
Dma.USART3_TX.2.MemDataAlignment=DMA_MDATAALIGN_BYTE
Dma.USART3_TX.2.MemInc=DMA_MINC_ENABLE
Dma.USART3_TX.2.Mode=DMA_NORMAL
Dma.USART3_TX.2.PeriphDataAlignment=DMA_PDATAALIGN_BYTE
Dma.USART3_TX.2.PeriphInc=DMA_PINC_DISABLE
Dma.USART3_TX.2.Priority=DMA_PRIORITY_LOW
Dma.USART3_TX.2.RequestParameters=Instance,Direction,PeriphInc,MemInc,PeriphDataAlignment,MemDataAlignment,Mode,Priority,FIFOMode
Dma.USART6_RX.0.Direction=DMA_PERIPH_TO_MEMORY
Dma.USART6_RX.0.FIFOMode=DMA_FIFOMODE_DISABLE
Dma.USART6_RX.0.Instance=DMA2_Stream1
Dma.USART6_RX.0.MemDataAlignment=DMA_MDATAALIGN_BYTE
Dma.USART6_RX.0.MemInc=DMA_MINC_ENABLE
Dma.USART6_RX.0.Mode=DMA_NORMAL
Dma.USART6_RX.0.PeriphDataAlignment=DMA_PDATAALIGN_BYTE
Dma.USART6_RX.0.PeriphInc=DMA_PINC_DISABLE
Dma.USART6_RX.0.Priority=DMA_PRIORITY_LOW
Dma.USART6_RX.0.RequestParameters=Instance,Direction,PeriphInc,MemInc,PeriphDataAlignment,MemDataAlignment,Mode,Priority,FIFOMode
Dma.USART6_TX.1.Direction=DMA_MEMORY_TO_PERIPH
Dma.USART6_TX.1.FIFOMode=DMA_FIFOMODE_DISABLE
Dma.USART6_TX.1.Instance=DMA2_Stream6
Dma.USART6_TX.1.MemDataAlignment=DMA_MDATAALIGN_BYTE
Dma.USART6_TX.1.MemInc=DMA_MINC_ENABLE
Dma.USART6_TX.1.Mode=DMA_NORMAL
Dma.USART6_TX.1.PeriphDataAlignment=DMA_PDATAALIGN_BYTE
Dma.USART6_TX.1.PeriphInc=DMA_PINC_DISABLE
Dma.USART6_TX.1.Priority=DMA_PRIORITY_LOW
Dma.USART6_TX.1.RequestParameters=Instance,Direction,PeriphInc,MemInc,PeriphDataAlignment,MemDataAlignment,Mode,Priority,FIFOMode
File.Version=6
KeepUserPlacement=true
Mcu.Family=STM32F4
Mcu.IP0=CRC
Mcu.IP1=DMA
Mcu.IP10=UART4
Mcu.IP11=UART7
Mcu.IP12=UART8
Mcu.IP13=USART2
Mcu.IP14=USART3
Mcu.IP15=USART6
Mcu.IP2=I2C2
Mcu.IP3=NVIC
Mcu.IP4=RCC
Mcu.IP5=RTC
Mcu.IP6=SPI4
Mcu.IP7=SPI5
Mcu.IP8=SYS
Mcu.IP9=TIM2
Mcu.IPNb=16
Mcu.Name=STM32F429IITx
Mcu.Package=LQFP176
Mcu.Pin0=PE2
Mcu.Pin1=PE3
Mcu.Pin10=PI11
Mcu.Pin11=PF0
Mcu.Pin12=PF1
Mcu.Pin13=PF2
Mcu.Pin14=PF3
Mcu.Pin15=PF4
Mcu.Pin16=PF5
Mcu.Pin17=PF6
Mcu.Pin18=PF7
Mcu.Pin19=PF8
Mcu.Pin2=PE4
Mcu.Pin20=PF9
Mcu.Pin21=PF10
Mcu.Pin22=PH0/OSC_IN
Mcu.Pin23=PH1/OSC_OUT
Mcu.Pin24=PC2
Mcu.Pin25=PC3
Mcu.Pin26=PH4
Mcu.Pin27=PH5
Mcu.Pin28=PB1
Mcu.Pin29=PE7
Mcu.Pin3=PE5
Mcu.Pin30=PE8
Mcu.Pin31=PE9
Mcu.Pin32=PE10
Mcu.Pin33=PE11
Mcu.Pin34=PE12
Mcu.Pin35=PE13
Mcu.Pin36=PE14
Mcu.Pin37=PE15
Mcu.Pin38=PB10
Mcu.Pin39=PB11
Mcu.Pin4=PE6
Mcu.Pin40=PH6
Mcu.Pin41=PB14
Mcu.Pin42=PB15
Mcu.Pin43=PD8
Mcu.Pin44=PD9
Mcu.Pin45=PD10
Mcu.Pin46=PD11
Mcu.Pin47=PD12
Mcu.Pin48=PD13
Mcu.Pin49=PD14
Mcu.Pin5=PI8
Mcu.Pin50=PD15
Mcu.Pin51=PG2
Mcu.Pin52=PG3
Mcu.Pin53=PG4
Mcu.Pin54=PG5
Mcu.Pin55=PG6
Mcu.Pin56=PG7
Mcu.Pin57=PG8
Mcu.Pin58=PC6
Mcu.Pin59=PC7
Mcu.Pin6=PC14/OSC32_IN
Mcu.Pin60=PA8
Mcu.Pin61=PA13
Mcu.Pin62=PI3
Mcu.Pin63=PA14
Mcu.Pin64=PC10
Mcu.Pin65=PC11
Mcu.Pin66=PC12
Mcu.Pin67=PD0
Mcu.Pin68=PD1
Mcu.Pin69=PD2
Mcu.Pin7=PC15/OSC32_OUT
Mcu.Pin70=PD3
Mcu.Pin71=PD4
Mcu.Pin72=PD5
Mcu.Pin73=PD6
Mcu.Pin74=PG9
Mcu.Pin75=PG10
Mcu.Pin76=PG11
Mcu.Pin77=PG12
Mcu.Pin78=PG13
Mcu.Pin79=PG15
Mcu.Pin8=PI9
Mcu.Pin80=PB3
Mcu.Pin81=PB4
Mcu.Pin82=PB5
Mcu.Pin83=PB6
Mcu.Pin84=PB7
Mcu.Pin85=PB9
Mcu.Pin86=PE0
Mcu.Pin87=PE1
Mcu.Pin88=PI4
Mcu.Pin89=PI5
Mcu.Pin9=PI10
Mcu.Pin90=PI6
Mcu.Pin91=PI7
Mcu.Pin92=VP_CRC_VS_CRC
Mcu.Pin93=VP_RTC_VS_RTC_Activate
Mcu.Pin94=VP_SYS_VS_Systick
Mcu.Pin95=VP_TIM2_VS_ClockSourceINT
Mcu.PinsNb=96
Mcu.ThirdPartyNb=0
Mcu.UserConstants=
Mcu.UserName=STM32F429IITx
MxCube.Version=5.6.1
MxDb.Version=DB.5.0.60
NVIC.BusFault_IRQn=true\:0\:0\:false\:false\:true\:false\:false
NVIC.DMA1_Stream1_IRQn=true\:2\:0\:true\:false\:true\:false\:true
NVIC.DMA1_Stream2_IRQn=true\:0\:0\:false\:false\:true\:false\:true
NVIC.DMA1_Stream3_IRQn=true\:2\:0\:false\:false\:true\:false\:true
NVIC.DMA1_Stream4_IRQn=true\:0\:0\:true\:false\:true\:false\:true
NVIC.DMA1_Stream5_IRQn=true\:2\:0\:true\:false\:true\:false\:true
NVIC.DMA1_Stream6_IRQn=true\:2\:0\:true\:false\:true\:false\:true
NVIC.DMA2_Stream1_IRQn=true\:2\:0\:true\:false\:true\:false\:true
NVIC.DMA2_Stream6_IRQn=true\:2\:0\:true\:false\:true\:false\:true
NVIC.DebugMonitor_IRQn=true\:0\:0\:false\:false\:true\:false\:false
NVIC.EXTI3_IRQn=true\:1\:0\:true\:false\:true\:true\:true
NVIC.EXTI9_5_IRQn=true\:1\:0\:true\:false\:true\:true\:true
NVIC.ForceEnableDMAVector=true
NVIC.HardFault_IRQn=true\:0\:0\:false\:false\:true\:false\:false
NVIC.I2C2_ER_IRQn=true\:2\:0\:true\:false\:true\:true\:true
NVIC.I2C2_EV_IRQn=true\:2\:0\:true\:false\:true\:true\:true
NVIC.MemoryManagement_IRQn=true\:0\:0\:false\:false\:true\:false\:false
NVIC.NonMaskableInt_IRQn=true\:0\:0\:false\:false\:true\:false\:false
NVIC.PendSV_IRQn=true\:0\:0\:false\:false\:true\:false\:false
NVIC.PriorityGroup=NVIC_PRIORITYGROUP_4
NVIC.SVCall_IRQn=true\:0\:0\:false\:false\:true\:false\:false
NVIC.SysTick_IRQn=true\:0\:0\:true\:false\:true\:false\:true
NVIC.TIM2_IRQn=true\:0\:0\:false\:false\:true\:true\:true
NVIC.UART4_IRQn=true\:2\:0\:true\:false\:true\:true\:true
NVIC.UART7_IRQn=true\:2\:0\:true\:false\:true\:true\:true
NVIC.UART8_IRQn=true\:2\:0\:true\:false\:true\:true\:true
NVIC.USART2_IRQn=true\:2\:0\:true\:false\:true\:true\:true
NVIC.USART3_IRQn=true\:2\:0\:true\:false\:true\:true\:true
NVIC.USART6_IRQn=true\:2\:0\:true\:false\:true\:true\:true
NVIC.UsageFault_IRQn=true\:0\:0\:false\:false\:true\:false\:false
PA13.Mode=Serial_Wire
PA13.Signal=SYS_JTMS-SWDIO
PA14.Mode=Serial_Wire
PA14.Signal=SYS_JTCK-SWCLK
PA8.GPIOParameters=GPIO_Speed,GPIO_Label
PA8.GPIO_Label=UART6_CON
PA8.GPIO_Speed=GPIO_SPEED_FREQ_HIGH
PA8.Locked=true
PA8.Signal=GPIO_Output
PB1.GPIOParameters=GPIO_Speed,PinState,GPIO_PuPd,GPIO_Label,GPIO_ModeDefaultOutputPP
PB1.GPIO_Label=EN_48V
PB1.GPIO_ModeDefaultOutputPP=GPIO_MODE_OUTPUT_PP
PB1.GPIO_PuPd=GPIO_PULLUP
PB1.GPIO_Speed=GPIO_SPEED_FREQ_MEDIUM
PB1.Locked=true
PB1.PinState=GPIO_PIN_SET
PB1.Signal=GPIO_Output
PB10.Locked=true
PB10.Mode=Asynchronous
PB10.Signal=USART3_TX
PB11.Locked=true
PB11.Mode=Asynchronous
PB11.Signal=USART3_RX
PB14.GPIOParameters=GPIO_Speed,PinState,GPIO_Label,GPIO_ModeDefaultOutputPP
PB14.GPIO_Label=LED1
PB14.GPIO_ModeDefaultOutputPP=GPIO_MODE_OUTPUT_OD
PB14.GPIO_Speed=GPIO_SPEED_FREQ_HIGH
PB14.Locked=true
PB14.PinState=GPIO_PIN_SET
PB14.Signal=GPIO_Output
PB15.GPIOParameters=GPIO_Speed,PinState,GPIO_Label,GPIO_ModeDefaultOutputPP
PB15.GPIO_Label=LED2
PB15.GPIO_ModeDefaultOutputPP=GPIO_MODE_OUTPUT_OD
PB15.GPIO_Speed=GPIO_SPEED_FREQ_HIGH
PB15.Locked=true
PB15.PinState=GPIO_PIN_SET
PB15.Signal=GPIO_Output
PB3.GPIOParameters=GPIO_Speed,PinState,GPIO_PuPd,GPIO_Label,GPIO_ModeDefaultOutputPP
PB3.GPIO_Label=L506_PWR_KEY
PB3.GPIO_ModeDefaultOutputPP=GPIO_MODE_OUTPUT_PP
PB3.GPIO_PuPd=GPIO_PULLUP
PB3.GPIO_Speed=GPIO_SPEED_FREQ_HIGH
PB3.Locked=true
PB3.PinState=GPIO_PIN_SET
PB3.Signal=GPIO_Output
PB4.GPIOParameters=GPIO_Speed,PinState,GPIO_PuPd,GPIO_Label,GPIO_ModeDefaultOutputPP
PB4.GPIO_Label=L506_RESET
PB4.GPIO_ModeDefaultOutputPP=GPIO_MODE_OUTPUT_PP
PB4.GPIO_PuPd=GPIO_PULLUP
PB4.GPIO_Speed=GPIO_SPEED_FREQ_HIGH
PB4.Locked=true
PB4.PinState=GPIO_PIN_SET
PB4.Signal=GPIO_Output
PB5.GPIOParameters=GPIO_PuPd,GPIO_Label
PB5.GPIO_Label=L506_NETLIGHT
PB5.GPIO_PuPd=GPIO_PULLUP
PB5.Locked=true
PB5.Signal=GPIO_Input
PB6.GPIOParameters=GPIO_Speed,PinState,GPIO_PuPd,GPIO_Label,GPIO_ModeDefaultOutputPP
PB6.GPIO_Label=L506_WAKEUP
PB6.GPIO_ModeDefaultOutputPP=GPIO_MODE_OUTPUT_PP
PB6.GPIO_PuPd=GPIO_PULLUP
PB6.GPIO_Speed=GPIO_SPEED_FREQ_HIGH
PB6.Locked=true
PB6.PinState=GPIO_PIN_SET
PB6.Signal=GPIO_Output
PB7.GPIOParameters=GPIO_PuPd,GPIO_Label
PB7.GPIO_Label=L506_STATUS
PB7.GPIO_PuPd=GPIO_PULLUP
PB7.Locked=true
PB7.Signal=GPIO_Input
PB9.GPIOParameters=GPIO_Speed,PinState,GPIO_PuPd,GPIO_Label,GPIO_ModeDefaultOutputPP
PB9.GPIO_Label=UART8_485_CON
PB9.GPIO_ModeDefaultOutputPP=GPIO_MODE_OUTPUT_PP
PB9.GPIO_PuPd=GPIO_PULLUP
PB9.GPIO_Speed=GPIO_SPEED_FREQ_VERY_HIGH
PB9.Locked=true
PB9.PinState=GPIO_PIN_SET
PB9.Signal=GPIO_Output
PC10.Locked=true
PC10.Mode=Asynchronous
PC10.Signal=UART4_TX
PC11.Locked=true
PC11.Mode=Asynchronous
PC11.Signal=UART4_RX
PC12.GPIOParameters=GPIO_Label
PC12.GPIO_Label=L506_PWR_EN
PC12.Locked=true
PC12.Signal=GPIO_Output
PC14/OSC32_IN.Locked=true
PC14/OSC32_IN.Mode=LSE-External-Clock-Source
PC14/OSC32_IN.Signal=RCC_OSC32_IN
PC15/OSC32_OUT.Locked=true
PC15/OSC32_OUT.Mode=LSE-External-Clock-Source
PC15/OSC32_OUT.Signal=RCC_OSC32_OUT
PC2.GPIOParameters=GPIO_Speed,PinState,GPIO_PuPd,GPIO_Label,GPIO_ModeDefaultOutputPP
PC2.GPIO_Label=RF2_RX_EN
PC2.GPIO_ModeDefaultOutputPP=GPIO_MODE_OUTPUT_PP
PC2.GPIO_PuPd=GPIO_PULLUP
PC2.GPIO_Speed=GPIO_SPEED_FREQ_VERY_HIGH
PC2.Locked=true
PC2.PinState=GPIO_PIN_SET
PC2.Signal=GPIO_Output
PC3.GPIOParameters=GPIO_Speed,PinState,GPIO_PuPd,GPIO_Label,GPIO_ModeDefaultOutputPP
PC3.GPIO_Label=RF2_TX_EN
PC3.GPIO_ModeDefaultOutputPP=GPIO_MODE_OUTPUT_PP
PC3.GPIO_PuPd=GPIO_PULLUP
PC3.GPIO_Speed=GPIO_SPEED_FREQ_VERY_HIGH
PC3.Locked=true
PC3.PinState=GPIO_PIN_SET
PC3.Signal=GPIO_Output
PC6.Locked=true
PC6.Mode=Asynchronous
PC6.Signal=USART6_TX
PC7.Locked=true
PC7.Mode=Asynchronous
PC7.Signal=USART6_RX
PD0.GPIOParameters=GPIO_Label
PD0.GPIO_Label=RF2_PWR_EN
PD0.Locked=true
PD0.Signal=GPIO_Output
PD1.GPIOParameters=GPIO_Label
PD1.GPIO_Label=RF1_PWR_EN
PD1.Locked=true
PD1.Signal=GPIO_Output
PD10.GPIOParameters=GPIO_Speed,PinState,GPIO_PuPd,GPIO_Label,GPIO_ModeDefaultOutputPP
PD10.GPIO_Label=LED5
PD10.GPIO_ModeDefaultOutputPP=GPIO_MODE_OUTPUT_OD
PD10.GPIO_PuPd=GPIO_NOPULL
PD10.GPIO_Speed=GPIO_SPEED_FREQ_HIGH
PD10.Locked=true
PD10.PinState=GPIO_PIN_SET
PD10.Signal=GPIO_Output
PD11.GPIOParameters=GPIO_Speed,PinState,GPIO_Label,GPIO_ModeDefaultOutputPP
PD11.GPIO_Label=LED6
PD11.GPIO_ModeDefaultOutputPP=GPIO_MODE_OUTPUT_OD
PD11.GPIO_Speed=GPIO_SPEED_FREQ_HIGH
PD11.Locked=true
PD11.PinState=GPIO_PIN_SET
PD11.Signal=GPIO_Output
PD12.GPIOParameters=GPIO_Speed,PinState,GPIO_Label,GPIO_ModeDefaultOutputPP
PD12.GPIO_Label=LED7
PD12.GPIO_ModeDefaultOutputPP=GPIO_MODE_OUTPUT_OD
PD12.GPIO_Speed=GPIO_SPEED_FREQ_HIGH
PD12.Locked=true
PD12.PinState=GPIO_PIN_SET
PD12.Signal=GPIO_Output
PD13.GPIOParameters=GPIO_Speed,PinState,GPIO_Label,GPIO_ModeDefaultOutputPP
PD13.GPIO_Label=LED8
PD13.GPIO_ModeDefaultOutputPP=GPIO_MODE_OUTPUT_OD
PD13.GPIO_Speed=GPIO_SPEED_FREQ_HIGH
PD13.Locked=true
PD13.PinState=GPIO_PIN_SET
PD13.Signal=GPIO_Output
PD14.GPIOParameters=GPIO_Speed,PinState,GPIO_Label,GPIO_ModeDefaultOutputPP
PD14.GPIO_Label=LED9
PD14.GPIO_ModeDefaultOutputPP=GPIO_MODE_OUTPUT_OD
PD14.GPIO_Speed=GPIO_SPEED_FREQ_HIGH
PD14.Locked=true
PD14.PinState=GPIO_PIN_SET
PD14.Signal=GPIO_Output
PD15.GPIOParameters=GPIO_Speed,PinState,GPIO_Label,GPIO_ModeDefaultOutputPP
PD15.GPIO_Label=LED10
PD15.GPIO_ModeDefaultOutputPP=GPIO_MODE_OUTPUT_OD
PD15.GPIO_Speed=GPIO_SPEED_FREQ_HIGH
PD15.Locked=true
PD15.PinState=GPIO_PIN_SET
PD15.Signal=GPIO_Output
PD2.GPIOParameters=GPIO_Label
PD2.GPIO_Label=EN_1.8V
PD2.Locked=true
PD2.Signal=GPIO_Output
PD3.GPIOParameters=GPIO_Speed,PinState,GPIO_PuPd,GPIO_Label,GPIO_ModeDefaultOutputPP
PD3.GPIO_Label=SYS_G
PD3.GPIO_ModeDefaultOutputPP=GPIO_MODE_OUTPUT_OD
PD3.GPIO_PuPd=GPIO_NOPULL
PD3.GPIO_Speed=GPIO_SPEED_FREQ_HIGH
PD3.Locked=true
PD3.PinState=GPIO_PIN_SET
PD3.Signal=GPIO_Output
PD4.GPIOParameters=GPIO_Speed,PinState,GPIO_PuPd,GPIO_Label,GPIO_ModeDefaultOutputPP
PD4.GPIO_Label=S1_G
PD4.GPIO_ModeDefaultOutputPP=GPIO_MODE_OUTPUT_OD
PD4.GPIO_PuPd=GPIO_NOPULL
PD4.GPIO_Speed=GPIO_SPEED_FREQ_HIGH
PD4.Locked=true
PD4.PinState=GPIO_PIN_SET
PD4.Signal=GPIO_Output
PD5.GPIOParameters=GPIO_Label
PD5.GPIO_Label=L506_UART2_TX
PD5.Locked=true
PD5.Mode=Asynchronous
PD5.Signal=USART2_TX
PD6.GPIOParameters=GPIO_Label
PD6.GPIO_Label=L506_UART2_RX
PD6.Locked=true
PD6.Mode=Asynchronous
PD6.Signal=USART2_RX
PD8.GPIOParameters=GPIO_Speed,PinState,GPIO_PuPd,GPIO_Label,GPIO_ModeDefaultOutputPP
PD8.GPIO_Label=LED3
PD8.GPIO_ModeDefaultOutputPP=GPIO_MODE_OUTPUT_OD
PD8.GPIO_PuPd=GPIO_NOPULL
PD8.GPIO_Speed=GPIO_SPEED_FREQ_HIGH
PD8.Locked=true
PD8.PinState=GPIO_PIN_SET
PD8.Signal=GPIO_Output
PD9.GPIOParameters=GPIO_Speed,PinState,GPIO_Label,GPIO_ModeDefaultOutputPP
PD9.GPIO_Label=LED4
PD9.GPIO_ModeDefaultOutputPP=GPIO_MODE_OUTPUT_OD
PD9.GPIO_Speed=GPIO_SPEED_FREQ_HIGH
PD9.Locked=true
PD9.PinState=GPIO_PIN_SET
PD9.Signal=GPIO_Output
PE0.Mode=Asynchronous
PE0.Signal=UART8_RX
PE1.Mode=Asynchronous
PE1.Signal=UART8_TX
PE10.GPIOParameters=GPIO_Speed,PinState,GPIO_PuPd,GPIO_Label,GPIO_ModeDefaultOutputPP
PE10.GPIO_Label=LD0
PE10.GPIO_ModeDefaultOutputPP=GPIO_MODE_OUTPUT_PP
PE10.GPIO_PuPd=GPIO_PULLUP
PE10.GPIO_Speed=GPIO_SPEED_FREQ_VERY_HIGH
PE10.Locked=true
PE10.PinState=GPIO_PIN_SET
PE10.Signal=GPIO_Output
PE11.GPIOParameters=GPIO_Speed,PinState,GPIO_PuPd,GPIO_Label,GPIO_ModeDefaultOutputPP
PE11.GPIO_Label=DATA6
PE11.GPIO_ModeDefaultOutputPP=GPIO_MODE_OUTPUT_PP
PE11.GPIO_PuPd=GPIO_PULLUP
PE11.GPIO_Speed=GPIO_SPEED_FREQ_VERY_HIGH
PE11.Locked=true
PE11.PinState=GPIO_PIN_SET
PE11.Signal=GPIO_Output
PE12.GPIOParameters=GPIO_Speed,PinState,GPIO_PuPd,GPIO_Label,GPIO_ModeDefaultOutputPP
PE12.GPIO_Label=DATA5
PE12.GPIO_ModeDefaultOutputPP=GPIO_MODE_OUTPUT_PP
PE12.GPIO_PuPd=GPIO_PULLUP
PE12.GPIO_Speed=GPIO_SPEED_FREQ_VERY_HIGH
PE12.Locked=true
PE12.PinState=GPIO_PIN_SET
PE12.Signal=GPIO_Output
PE13.GPIOParameters=GPIO_Speed,PinState,GPIO_PuPd,GPIO_Label
PE13.GPIO_Label=DATA4
PE13.GPIO_PuPd=GPIO_PULLUP
PE13.GPIO_Speed=GPIO_SPEED_FREQ_VERY_HIGH
PE13.Locked=true
PE13.PinState=GPIO_PIN_SET
PE13.Signal=GPIO_Output
PE14.GPIOParameters=GPIO_Speed,PinState,GPIO_PuPd,GPIO_Label
PE14.GPIO_Label=DATA3
PE14.GPIO_PuPd=GPIO_PULLUP
PE14.GPIO_Speed=GPIO_SPEED_FREQ_VERY_HIGH
PE14.Locked=true
PE14.PinState=GPIO_PIN_SET
PE14.Signal=GPIO_Output
PE15.GPIOParameters=GPIO_Speed,PinState,GPIO_PuPd,GPIO_Label
PE15.GPIO_Label=DATA2
PE15.GPIO_PuPd=GPIO_PULLUP
PE15.GPIO_Speed=GPIO_SPEED_FREQ_VERY_HIGH
PE15.Locked=true
PE15.PinState=GPIO_PIN_SET
PE15.Signal=GPIO_Output
PE2.GPIOParameters=GPIO_Label
PE2.GPIO_Label=RF1_SPI4_SCK
PE2.Locked=true
PE2.Mode=Full_Duplex_Master
PE2.Signal=SPI4_SCK
PE3.GPIOParameters=GPIO_Speed,PinState,GPIO_PuPd,GPIO_Label,GPIO_ModeDefaultOutputPP
PE3.GPIO_Label=RF1_RESET
PE3.GPIO_ModeDefaultOutputPP=GPIO_MODE_OUTPUT_PP
PE3.GPIO_PuPd=GPIO_PULLUP
PE3.GPIO_Speed=GPIO_SPEED_FREQ_VERY_HIGH
PE3.Locked=true
PE3.PinState=GPIO_PIN_SET
PE3.Signal=GPIO_Output
PE4.GPIOParameters=GPIO_Speed,PinState,GPIO_PuPd,GPIO_Label,GPIO_ModeDefaultOutputPP
PE4.GPIO_Label=RF1_NSS
PE4.GPIO_ModeDefaultOutputPP=GPIO_MODE_OUTPUT_PP
PE4.GPIO_PuPd=GPIO_PULLUP
PE4.GPIO_Speed=GPIO_SPEED_FREQ_VERY_HIGH
PE4.Locked=true
PE4.PinState=GPIO_PIN_SET
PE4.Signal=GPIO_Output
PE5.GPIOParameters=GPIO_Label
PE5.GPIO_Label=RF1_SPI4_MISO
PE5.Locked=true
PE5.Mode=Full_Duplex_Master
PE5.Signal=SPI4_MISO
PE6.GPIOParameters=GPIO_Label
PE6.GPIO_Label=RF1_SPI4_MOSI
PE6.Locked=true
PE6.Mode=Full_Duplex_Master
PE6.Signal=SPI4_MOSI
PE7.Locked=true
PE7.Mode=Asynchronous
PE7.Signal=UART7_RX
PE8.Locked=true
PE8.Mode=Asynchronous
PE8.Signal=UART7_TX
PE9.GPIOParameters=GPIO_Speed,PinState,GPIO_PuPd,GPIO_Label,GPIO_ModeDefaultOutputPP
PE9.GPIO_Label=WDI
PE9.GPIO_ModeDefaultOutputPP=GPIO_MODE_OUTPUT_PP
PE9.GPIO_PuPd=GPIO_PULLUP
PE9.GPIO_Speed=GPIO_SPEED_FREQ_VERY_HIGH
PE9.Locked=true
PE9.PinState=GPIO_PIN_SET
PE9.Signal=GPIO_Output
PF0.GPIOParameters=GPIO_Speed,PinState,GPIO_PuPd,GPIO_Label
PF0.GPIO_Label=RF1_TX_EN
PF0.GPIO_PuPd=GPIO_PULLUP
PF0.GPIO_Speed=GPIO_SPEED_FREQ_VERY_HIGH
PF0.Locked=true
PF0.PinState=GPIO_PIN_SET
PF0.Signal=GPIO_Output
PF1.GPIOParameters=GPIO_Speed,PinState,GPIO_PuPd,GPIO_Label,GPIO_ModeDefaultOutputPP
PF1.GPIO_Label=RF1_RX_EN
PF1.GPIO_ModeDefaultOutputPP=GPIO_MODE_OUTPUT_PP
PF1.GPIO_PuPd=GPIO_PULLUP
PF1.GPIO_Speed=GPIO_SPEED_FREQ_VERY_HIGH
PF1.Locked=true
PF1.PinState=GPIO_PIN_SET
PF1.Signal=GPIO_Output
PF10.GPIOParameters=GPIO_PuPd,GPIO_Label
PF10.GPIO_Label=RF2_BUSY
PF10.GPIO_PuPd=GPIO_PULLUP
PF10.Locked=true
PF10.Signal=GPIO_Input
PF2.GPIOParameters=GPIO_Speed,PinState,GPIO_PuPd,GPIO_Label,GPIO_ModeDefaultOutputPP
PF2.GPIO_Label=RF2_RESET
PF2.GPIO_ModeDefaultOutputPP=GPIO_MODE_OUTPUT_PP
PF2.GPIO_PuPd=GPIO_PULLUP
PF2.GPIO_Speed=GPIO_SPEED_FREQ_VERY_HIGH
PF2.Locked=true
PF2.PinState=GPIO_PIN_SET
PF2.Signal=GPIO_Output
PF3.GPIOParameters=GPIO_Label
PF3.GPIO_Label=RF2_DIO1_EXTI3
PF3.Locked=true
PF3.Signal=GPXTI3
PF4.GPIOParameters=GPIO_Label
PF4.GPIO_Label=RF2_DIO2
PF4.Locked=true
PF4.Signal=GPIO_Output
PF5.GPIOParameters=GPIO_Label
PF5.GPIO_Label=RF2_DIO3
PF5.Locked=true
PF5.Signal=GPIO_Output
PF6.GPIOParameters=GPIO_Speed,PinState,GPIO_PuPd,GPIO_Label,GPIO_ModeDefaultOutputPP
PF6.GPIO_Label=RF2_NSS
PF6.GPIO_ModeDefaultOutputPP=GPIO_MODE_OUTPUT_PP
PF6.GPIO_PuPd=GPIO_PULLUP
PF6.GPIO_Speed=GPIO_SPEED_FREQ_VERY_HIGH
PF6.Locked=true
PF6.PinState=GPIO_PIN_SET
PF6.Signal=GPIO_Output
PF7.GPIOParameters=GPIO_Label
PF7.GPIO_Label=RF2_SPI5_SCK
PF7.Locked=true
PF7.Mode=Full_Duplex_Master
PF7.Signal=SPI5_SCK
PF8.GPIOParameters=GPIO_Label
PF8.GPIO_Label=RF2_SPI5_MISO
PF8.Locked=true
PF8.Mode=Full_Duplex_Master
PF8.Signal=SPI5_MISO
PF9.GPIOParameters=GPIO_Label
PF9.GPIO_Label=RF2_SPI5_MOSI
PF9.Locked=true
PF9.Mode=Full_Duplex_Master
PF9.Signal=SPI5_MOSI
PG10.GPIOParameters=GPIO_Speed,PinState,GPIO_Label
PG10.GPIO_Label=S3-G
PG10.GPIO_Speed=GPIO_SPEED_FREQ_HIGH
PG10.Locked=true
PG10.PinState=GPIO_PIN_SET
PG10.Signal=GPIO_Output
PG11.GPIOParameters=GPIO_Speed,PinState,GPIO_Label
PG11.GPIO_Label=S4-G
PG11.GPIO_Speed=GPIO_SPEED_FREQ_HIGH
PG11.Locked=true
PG11.PinState=GPIO_PIN_SET
PG11.Signal=GPIO_Output
PG12.GPIOParameters=GPIO_Speed,PinState,GPIO_Label
PG12.GPIO_Label=S5-G
PG12.GPIO_Speed=GPIO_SPEED_FREQ_HIGH
PG12.Locked=true
PG12.PinState=GPIO_PIN_SET
PG12.Signal=GPIO_Output
PG13.GPIOParameters=GPIO_Speed,PinState,GPIO_Label
PG13.GPIO_Label=S6-G
PG13.GPIO_Speed=GPIO_SPEED_FREQ_HIGH
PG13.Locked=true
PG13.PinState=GPIO_PIN_SET
PG13.Signal=GPIO_Output
PG15.GPIOParameters=GPIO_Speed,PinState,GPIO_PuPd,GPIO_Label,GPIO_ModeDefaultOutputPP
PG15.GPIO_Label=L506_LOGIC_OE
PG15.GPIO_ModeDefaultOutputPP=GPIO_MODE_OUTPUT_PP
PG15.GPIO_PuPd=GPIO_PULLUP
PG15.GPIO_Speed=GPIO_SPEED_FREQ_HIGH
PG15.Locked=true
PG15.PinState=GPIO_PIN_SET
PG15.Signal=GPIO_Output
PG2.GPIOParameters=GPIO_Speed,PinState,GPIO_PuPd,GPIO_Label,GPIO_ModeDefaultOutputPP
PG2.GPIO_Label=USB_KEY_VCC_EN7
PG2.GPIO_ModeDefaultOutputPP=GPIO_MODE_OUTPUT_PP
PG2.GPIO_PuPd=GPIO_PULLUP
PG2.GPIO_Speed=GPIO_SPEED_FREQ_VERY_HIGH
PG2.Locked=true
PG2.PinState=GPIO_PIN_RESET
PG2.Signal=GPIO_Output
PG3.GPIOParameters=GPIO_Speed,PinState,GPIO_PuPd,GPIO_Label
PG3.GPIO_Label=USB_KEY_VCC_EN6
PG3.GPIO_PuPd=GPIO_PULLUP
PG3.GPIO_Speed=GPIO_SPEED_FREQ_VERY_HIGH
PG3.Locked=true
PG3.PinState=GPIO_PIN_RESET
PG3.Signal=GPIO_Output
PG4.GPIOParameters=GPIO_Speed,PinState,GPIO_PuPd,GPIO_Label
PG4.GPIO_Label=USB_KEY_VCC_EN5
PG4.GPIO_PuPd=GPIO_PULLUP
PG4.GPIO_Speed=GPIO_SPEED_FREQ_VERY_HIGH
PG4.Locked=true
PG4.PinState=GPIO_PIN_RESET
PG4.Signal=GPIO_Output
PG5.GPIOParameters=GPIO_Speed,GPIO_PuPd,GPIO_Label
PG5.GPIO_Label=USB_KEY_VCC_EN4
PG5.GPIO_PuPd=GPIO_PULLUP
PG5.GPIO_Speed=GPIO_SPEED_FREQ_VERY_HIGH
PG5.Locked=true
PG5.Signal=GPIO_Output
PG6.GPIOParameters=GPIO_Speed,GPIO_PuPd,GPIO_Label
PG6.GPIO_Label=USB_KEY_VCC_EN3
PG6.GPIO_PuPd=GPIO_PULLUP
PG6.GPIO_Speed=GPIO_SPEED_FREQ_VERY_HIGH
PG6.Locked=true
PG6.Signal=GPIO_Output
PG7.GPIOParameters=GPIO_Speed,GPIO_PuPd,GPIO_Label
PG7.GPIO_Label=USB_KEY_VCC_EN2
PG7.GPIO_PuPd=GPIO_PULLUP
PG7.GPIO_Speed=GPIO_SPEED_FREQ_VERY_HIGH
PG7.Locked=true
PG7.Signal=GPIO_Output
PG8.GPIOParameters=GPIO_Speed,GPIO_PuPd,GPIO_Label
PG8.GPIO_Label=USB_KEY_VCC_EN1
PG8.GPIO_PuPd=GPIO_PULLUP
PG8.GPIO_Speed=GPIO_SPEED_FREQ_VERY_HIGH
PG8.Locked=true
PG8.Signal=GPIO_Output
PG9.GPIOParameters=GPIO_Speed,PinState,GPIO_PuPd,GPIO_Label,GPIO_ModeDefaultOutputPP
PG9.GPIO_Label=S2-G
PG9.GPIO_ModeDefaultOutputPP=GPIO_MODE_OUTPUT_OD
PG9.GPIO_PuPd=GPIO_NOPULL
PG9.GPIO_Speed=GPIO_SPEED_FREQ_HIGH
PG9.Locked=true
PG9.PinState=GPIO_PIN_SET
PG9.Signal=GPIO_Output
PH0/OSC_IN.Mode=HSE-External-Clock-Source
PH0/OSC_IN.Signal=RCC_OSC_IN
PH1/OSC_OUT.Mode=HSE-External-Clock-Source
PH1/OSC_OUT.Signal=RCC_OSC_OUT
PH4.GPIOParameters=GPIO_Label
PH4.GPIO_Label=USB_KEY_IIC2_SCL
PH4.Locked=true
PH4.Mode=I2C
PH4.Signal=I2C2_SCL
PH5.GPIOParameters=GPIO_Label
PH5.GPIO_Label=USB_KEY_IIC2_SDA
PH5.Locked=true
PH5.Mode=I2C
PH5.Signal=I2C2_SDA
PH6.GPIOParameters=GPIO_Speed,PinState,GPIO_PuPd,GPIO_Label,GPIO_ModeDefaultOutputPP
PH6.GPIO_Label=DATA1
PH6.GPIO_ModeDefaultOutputPP=GPIO_MODE_OUTPUT_PP
PH6.GPIO_PuPd=GPIO_PULLUP
PH6.GPIO_Speed=GPIO_SPEED_FREQ_VERY_HIGH
PH6.Locked=true
PH6.PinState=GPIO_PIN_SET
PH6.Signal=GPIO_Output
PI10.GPIOParameters=GPIO_PuPd,GPIO_Label
PI10.GPIO_Label=RF1_DIO2
PI10.GPIO_PuPd=GPIO_PULLUP
PI10.Locked=true
PI10.Signal=GPIO_Input
PI11.GPIOParameters=GPIO_PuPd,GPIO_Label
PI11.GPIO_Label=RF1_DIO3
PI11.GPIO_PuPd=GPIO_PULLUP
PI11.Locked=true
PI11.Signal=GPIO_Input
PI3.GPIOParameters=GPIO_PuPd,GPIO_Label
PI3.GPIO_Label=SENSOR_CAL_KEY
PI3.GPIO_PuPd=GPIO_PULLUP
PI3.Locked=true
PI3.Signal=GPIO_Input
PI4.GPIOParameters=GPIO_Speed,PinState,GPIO_Label,GPIO_ModeDefaultOutputPP
PI4.GPIO_Label=RF1_LED_CRC_ERROR
PI4.GPIO_ModeDefaultOutputPP=GPIO_MODE_OUTPUT_OD
PI4.GPIO_Speed=GPIO_SPEED_FREQ_VERY_HIGH
PI4.Locked=true
PI4.PinState=GPIO_PIN_SET
PI4.Signal=GPIO_Output
PI5.GPIOParameters=GPIO_Speed,PinState,GPIO_Label,GPIO_ModeDefaultOutputPP
PI5.GPIO_Label=RF1_LED_1
PI5.GPIO_ModeDefaultOutputPP=GPIO_MODE_OUTPUT_OD
PI5.GPIO_Speed=GPIO_SPEED_FREQ_VERY_HIGH
PI5.Locked=true
PI5.PinState=GPIO_PIN_SET
PI5.Signal=GPIO_Output
PI6.GPIOParameters=GPIO_Speed,PinState,GPIO_Label,GPIO_ModeDefaultOutputPP
PI6.GPIO_Label=RF2_LED_CRC_ERROR
PI6.GPIO_ModeDefaultOutputPP=GPIO_MODE_OUTPUT_OD
PI6.GPIO_Speed=GPIO_SPEED_FREQ_VERY_HIGH
PI6.Locked=true
PI6.PinState=GPIO_PIN_SET
PI6.Signal=GPIO_Output
PI7.GPIOParameters=GPIO_Speed,PinState,GPIO_Label,GPIO_ModeDefaultOutputPP
PI7.GPIO_Label=RF2_LED_2
PI7.GPIO_ModeDefaultOutputPP=GPIO_MODE_OUTPUT_OD
PI7.GPIO_Speed=GPIO_SPEED_FREQ_VERY_HIGH
PI7.Locked=true
PI7.PinState=GPIO_PIN_SET
PI7.Signal=GPIO_Output
PI8.GPIOParameters=GPIO_PuPd,GPIO_Label
PI8.GPIO_Label=RF1_BUSY
PI8.GPIO_PuPd=GPIO_PULLUP
PI8.Locked=true
PI8.Signal=GPIO_Input
PI9.GPIOParameters=GPIO_PuPd,GPIO_Label,GPIO_ModeDefaultEXTI
PI9.GPIO_Label=RF1_DIO1_EXTI9
PI9.GPIO_ModeDefaultEXTI=GPIO_MODE_IT_RISING
PI9.GPIO_PuPd=GPIO_NOPULL
PI9.Locked=true
PI9.Signal=GPXTI9
PinOutPanel.RotationAngle=0
ProjectManager.AskForMigrate=true
ProjectManager.BackupPrevious=false
ProjectManager.CompilerOptimize=6
ProjectManager.ComputerToolchain=false
ProjectManager.CoupleFile=true
ProjectManager.CustomerFirmwarePackage=
ProjectManager.DefaultFWLocation=true
ProjectManager.DeletePrevious=true
ProjectManager.DeviceId=STM32F429IITx
ProjectManager.FirmwarePackage=STM32Cube FW_F4 V1.24.0
ProjectManager.FreePins=true
ProjectManager.HalAssertFull=false
ProjectManager.HeapSize=0x200
ProjectManager.KeepUserCode=true
ProjectManager.LastFirmware=true
ProjectManager.LibraryCopy=2
ProjectManager.MainLocation=Core/Src
ProjectManager.NoMain=false
ProjectManager.PreviousToolchain=
ProjectManager.ProjectBuild=false
ProjectManager.ProjectFileName=etc_project.ioc
ProjectManager.ProjectName=etc_project
ProjectManager.StackSize=0x2000
ProjectManager.TargetToolchain=MDK-ARM V5
ProjectManager.ToolChainLocation=
ProjectManager.UnderRoot=false
ProjectManager.functionlistsort=1-MX_GPIO_Init-GPIO-false-HAL-true,2-MX_DMA_Init-DMA-false-HAL-true,3-SystemClock_Config-RCC-false-HAL-false,4-MX_I2C2_Init-I2C2-false-HAL-true,5-MX_RTC_Init-RTC-false-HAL-true,6-MX_SPI4_Init-SPI4-false-HAL-true,7-MX_SPI5_Init-SPI5-false-HAL-true,8-MX_UART4_Init-UART4-false-HAL-true,9-MX_UART7_Init-UART7-false-HAL-true,10-MX_UART8_Init-UART8-false-HAL-true,11-MX_USART2_UART_Init-USART2-false-HAL-true,12-MX_USART3_UART_Init-USART3-false-HAL-true,13-MX_USART6_UART_Init-USART6-false-HAL-true,14-MX_CRC_Init-CRC-false-HAL-true,15-MX_TIM2_Init-TIM2-false-HAL-true
RCC.48MHZClocksFreq_Value=84000000
RCC.AHBFreq_Value=168000000
RCC.APB1CLKDivider=RCC_HCLK_DIV4
RCC.APB1Freq_Value=42000000
RCC.APB1TimFreq_Value=84000000
RCC.APB2CLKDivider=RCC_HCLK_DIV4
RCC.APB2Freq_Value=42000000
RCC.APB2TimFreq_Value=84000000
RCC.CortexFreq_Value=168000000
RCC.EnbaleCSS=true
RCC.EthernetFreq_Value=168000000
RCC.FCLKCortexFreq_Value=168000000
RCC.FamilyName=M
RCC.HCLKFreq_Value=168000000
RCC.HSE_VALUE=26000000
RCC.HSI_VALUE=16000000
RCC.I2SClocksFreq_Value=96000000
RCC.IPParameters=48MHZClocksFreq_Value,AHBFreq_Value,APB1CLKDivider,APB1Freq_Value,APB1TimFreq_Value,APB2CLKDivider,APB2Freq_Value,APB2TimFreq_Value,CortexFreq_Value,EnbaleCSS,EthernetFreq_Value,FCLKCortexFreq_Value,FamilyName,HCLKFreq_Value,HSE_VALUE,HSI_VALUE,I2SClocksFreq_Value,LCDTFTFreq_Value,LSE_VALUE,LSI_VALUE,MCO2PinFreq_Value,PLLCLKFreq_Value,PLLM,PLLN,PLLQCLKFreq_Value,PLLSourceVirtual,RCC_RTC_Clock_Source,RCC_RTC_Clock_SourceVirtual,RTCFreq_Value,RTCHSEDivFreq_Value,SAI_AClocksFreq_Value,SAI_BClocksFreq_Value,SYSCLKFreq_VALUE,SYSCLKSource,VCOI2SOutputFreq_Value,VCOInputFreq_Value,VCOOutputFreq_Value,VCOSAIOutputFreq_Value,VCOSAIOutputFreq_ValueQ,VCOSAIOutputFreq_ValueR,VcooutputI2S,VcooutputI2SQ
RCC.LCDTFTFreq_Value=12250000
RCC.LSE_VALUE=32768
RCC.LSI_VALUE=32000
RCC.MCO2PinFreq_Value=168000000
RCC.PLLCLKFreq_Value=168000000
RCC.PLLM=26
RCC.PLLN=336
RCC.PLLQCLKFreq_Value=84000000
RCC.PLLSourceVirtual=RCC_PLLSOURCE_HSE
RCC.RCC_RTC_Clock_Source=RCC_RTCCLKSOURCE_LSE
RCC.RCC_RTC_Clock_SourceVirtual=RCC_RTCCLKSOURCE_LSE
RCC.RTCFreq_Value=32768
RCC.RTCHSEDivFreq_Value=13000000
RCC.SAI_AClocksFreq_Value=12250000
RCC.SAI_BClocksFreq_Value=12250000
RCC.SYSCLKFreq_VALUE=168000000
RCC.SYSCLKSource=RCC_SYSCLKSOURCE_PLLCLK
RCC.VCOI2SOutputFreq_Value=192000000
RCC.VCOInputFreq_Value=1000000
RCC.VCOOutputFreq_Value=336000000
RCC.VCOSAIOutputFreq_Value=49000000
RCC.VCOSAIOutputFreq_ValueQ=12250000
RCC.VCOSAIOutputFreq_ValueR=24500000
RCC.VcooutputI2S=96000000
RCC.VcooutputI2SQ=96000000
SH.GPXTI3.0=GPIO_EXTI3
SH.GPXTI3.ConfNb=1
SH.GPXTI9.0=GPIO_EXTI9
SH.GPXTI9.ConfNb=1
SPI4.BaudRatePrescaler=SPI_BAUDRATEPRESCALER_4
SPI4.CalculateBaudRate=10.5 MBits/s
SPI4.Direction=SPI_DIRECTION_2LINES
SPI4.IPParameters=VirtualType,Mode,Direction,CalculateBaudRate,BaudRatePrescaler
SPI4.Mode=SPI_MODE_MASTER
SPI4.VirtualType=VM_MASTER
SPI5.BaudRatePrescaler=SPI_BAUDRATEPRESCALER_4
SPI5.CalculateBaudRate=10.5 MBits/s
SPI5.Direction=SPI_DIRECTION_2LINES
SPI5.IPParameters=VirtualType,Mode,Direction,CalculateBaudRate,BaudRatePrescaler
SPI5.Mode=SPI_MODE_MASTER
SPI5.VirtualType=VM_MASTER
TIM2.AutoReloadPreload=TIM_AUTORELOAD_PRELOAD_ENABLE
TIM2.IPParameters=Prescaler,Period,AutoReloadPreload
TIM2.Period=500
TIM2.Prescaler=83
UART4.IPParameters=VirtualMode
UART4.VirtualMode=Asynchronous
UART7.IPParameters=VirtualMode
UART7.VirtualMode=Asynchronous
UART8.IPParameters=VirtualMode
UART8.VirtualMode=Asynchronous
USART2.IPParameters=VirtualMode
USART2.VirtualMode=VM_ASYNC
USART3.IPParameters=VirtualMode
USART3.VirtualMode=VM_ASYNC
USART6.IPParameters=VirtualMode
USART6.VirtualMode=VM_ASYNC
VP_CRC_VS_CRC.Mode=CRC_Activate
VP_CRC_VS_CRC.Signal=CRC_VS_CRC
VP_RTC_VS_RTC_Activate.Mode=RTC_Enabled
VP_RTC_VS_RTC_Activate.Signal=RTC_VS_RTC_Activate
VP_SYS_VS_Systick.Mode=SysTick
VP_SYS_VS_Systick.Signal=SYS_VS_Systick
VP_TIM2_VS_ClockSourceINT.Mode=Internal
VP_TIM2_VS_ClockSourceINT.Signal=TIM2_VS_ClockSourceINT
board=custom
